
Microsoft Visual Studio Solution File, Format Version 12.00
# Visual Studio Version 17
VisualStudioVersion = 17.3.32825.248
MinimumVisualStudioVersion = 10.0.40219.1
Project("{FAE04EC0-301F-11D3-BF4B-00C04F79EFBC}") = "Lab1-3", "Lab1-3\Lab1-3.csproj", "{BD140C1D-0B89-4E1C-87C2-D7340EE4CFFD}"
EndProject
Global
	GlobalSection(SolutionConfigurationPlatforms) = preSolution
		Debug|Any CPU = Debug|Any CPU
		Release|Any CPU = Release|Any CPU
	EndGlobalSection
	GlobalSection(ProjectConfigurationPlatforms) = postSolution
		{BD140C1D-0B89-4E1C-87C2-D7340EE4CFFD}.Debug|Any CPU.ActiveCfg = Debug|Any CPU
		{BD140C1D-0B89-4E1C-87C2-D7340EE4CFFD}.Debug|Any CPU.Build.0 = Debug|Any CPU
		{BD140C1D-0B89-4E1C-87C2-D7340EE4CFFD}.Release|Any CPU.ActiveCfg = Release|Any CPU
		{BD140C1D-0B89-4E1C-87C2-D7340EE4CFFD}.Release|Any CPU.Build.0 = Release|Any CPU
	EndGlobalSection
	GlobalSection(SolutionProperties) = preSolution
		HideSolutionNode = FALSE
	EndGlobalSection
	GlobalSection(ExtensibilityGlobals) = postSolution
		SolutionGuid = {F32D7199-62E3-4B16-8701-466086FDC0EF}
	EndGlobalSection
EndGlobal
